
Microsoft Visual Studio Solution File, Format Version 12.00
# Visual Studio Version 18
VisualStudioVersion = 18.0.11012.119
MinimumVisualStudioVersion = 10.0.40219.1
Project("{FAE04EC0-301F-11D3-BF4B-00C04F79EFBC}") = "Glyphotype", "Glyphotype\Glyphotype.csproj", "{9418E140-9EAC-480F-937E-8EF53B66982B}"
EndProject
Project("{FAE04EC0-301F-11D3-BF4B-00C04F79EFBC}") = "DocumentAnalysisInterface", "DocumentAnalysisInterface\DocumentAnalysisInterface.csproj", "{670AFB56-3936-4855-B56E-EA735AD3ED06}"
EndProject
Project("{FAE04EC0-301F-11D3-BF4B-00C04F79EFBC}") = "ConsoleUtility", "ConsoleUtility\ConsoleUtility.csproj", "{72EA536F-AD52-4738-B8FA-7BE5C79D5193}"
EndProject
Project("{FAE04EC0-301F-11D3-BF4B-00C04F79EFBC}") = "MTGGlyphs", "MTGGlyphs\MTGGlyphs.csproj", "{C3950BD7-0247-4F29-BC17-306BA0540E55}"
EndProject
Global
	GlobalSection(SolutionConfigurationPlatforms) = preSolution
		Debug|Any CPU = Debug|Any CPU
		Debug|x64 = Debug|x64
		Debug|x86 = Debug|x86
		Release|Any CPU = Release|Any CPU
		Release|x64 = Release|x64
		Release|x86 = Release|x86
	EndGlobalSection
	GlobalSection(ProjectConfigurationPlatforms) = postSolution
		{9418E140-9EAC-480F-937E-8EF53B66982B}.Debug|Any CPU.ActiveCfg = Debug|Any CPU
		{9418E140-9EAC-480F-937E-8EF53B66982B}.Debug|Any CPU.Build.0 = Debug|Any CPU
		{9418E140-9EAC-480F-937E-8EF53B66982B}.Debug|x64.ActiveCfg = Debug|Any CPU
		{9418E140-9EAC-480F-937E-8EF53B66982B}.Debug|x64.Build.0 = Debug|Any CPU
		{9418E140-9EAC-480F-937E-8EF53B66982B}.Debug|x86.ActiveCfg = Debug|Any CPU
		{9418E140-9EAC-480F-937E-8EF53B66982B}.Debug|x86.Build.0 = Debug|Any CPU
		{9418E140-9EAC-480F-937E-8EF53B66982B}.Release|Any CPU.ActiveCfg = Release|Any CPU
		{9418E140-9EAC-480F-937E-8EF53B66982B}.Release|Any CPU.Build.0 = Release|Any CPU
		{9418E140-9EAC-480F-937E-8EF53B66982B}.Release|x64.ActiveCfg = Release|Any CPU
		{9418E140-9EAC-480F-937E-8EF53B66982B}.Release|x64.Build.0 = Release|Any CPU
		{9418E140-9EAC-480F-937E-8EF53B66982B}.Release|x86.ActiveCfg = Release|Any CPU
		{9418E140-9EAC-480F-937E-8EF53B66982B}.Release|x86.Build.0 = Release|Any CPU
		{670AFB56-3936-4855-B56E-EA735AD3ED06}.Debug|Any CPU.ActiveCfg = Debug|Any CPU
		{670AFB56-3936-4855-B56E-EA735AD3ED06}.Debug|Any CPU.Build.0 = Debug|Any CPU
		{670AFB56-3936-4855-B56E-EA735AD3ED06}.Debug|x64.ActiveCfg = Debug|Any CPU
		{670AFB56-3936-4855-B56E-EA735AD3ED06}.Debug|x64.Build.0 = Debug|Any CPU
		{670AFB56-3936-4855-B56E-EA735AD3ED06}.Debug|x86.ActiveCfg = Debug|Any CPU
		{670AFB56-3936-4855-B56E-EA735AD3ED06}.Debug|x86.Build.0 = Debug|Any CPU
		{670AFB56-3936-4855-B56E-EA735AD3ED06}.Release|Any CPU.ActiveCfg = Release|Any CPU
		{670AFB56-3936-4855-B56E-EA735AD3ED06}.Release|Any CPU.Build.0 = Release|Any CPU
		{670AFB56-3936-4855-B56E-EA735AD3ED06}.Release|x64.ActiveCfg = Release|Any CPU
		{670AFB56-3936-4855-B56E-EA735AD3ED06}.Release|x64.Build.0 = Release|Any CPU
		{670AFB56-3936-4855-B56E-EA735AD3ED06}.Release|x86.ActiveCfg = Release|Any CPU
		{670AFB56-3936-4855-B56E-EA735AD3ED06}.Release|x86.Build.0 = Release|Any CPU
		{72EA536F-AD52-4738-B8FA-7BE5C79D5193}.Debug|Any CPU.ActiveCfg = Debug|Any CPU
		{72EA536F-AD52-4738-B8FA-7BE5C79D5193}.Debug|Any CPU.Build.0 = Debug|Any CPU
		{72EA536F-AD52-4738-B8FA-7BE5C79D5193}.Debug|x64.ActiveCfg = Debug|Any CPU
		{72EA536F-AD52-4738-B8FA-7BE5C79D5193}.Debug|x64.Build.0 = Debug|Any CPU
		{72EA536F-AD52-4738-B8FA-7BE5C79D5193}.Debug|x86.ActiveCfg = Debug|Any CPU
		{72EA536F-AD52-4738-B8FA-7BE5C79D5193}.Debug|x86.Build.0 = Debug|Any CPU
		{72EA536F-AD52-4738-B8FA-7BE5C79D5193}.Release|Any CPU.ActiveCfg = Release|Any CPU
		{72EA536F-AD52-4738-B8FA-7BE5C79D5193}.Release|Any CPU.Build.0 = Release|Any CPU
		{72EA536F-AD52-4738-B8FA-7BE5C79D5193}.Release|x64.ActiveCfg = Release|Any CPU
		{72EA536F-AD52-4738-B8FA-7BE5C79D5193}.Release|x64.Build.0 = Release|Any CPU
		{72EA536F-AD52-4738-B8FA-7BE5C79D5193}.Release|x86.ActiveCfg = Release|Any CPU
		{72EA536F-AD52-4738-B8FA-7BE5C79D5193}.Release|x86.Build.0 = Release|Any CPU
		{C3950BD7-0247-4F29-BC17-306BA0540E55}.Debug|Any CPU.ActiveCfg = Debug|Any CPU
		{C3950BD7-0247-4F29-BC17-306BA0540E55}.Debug|Any CPU.Build.0 = Debug|Any CPU
		{C3950BD7-0247-4F29-BC17-306BA0540E55}.Debug|x64.ActiveCfg = Debug|Any CPU
		{C3950BD7-0247-4F29-BC17-306BA0540E55}.Debug|x64.Build.0 = Debug|Any CPU
		{C3950BD7-0247-4F29-BC17-306BA0540E55}.Debug|x86.ActiveCfg = Debug|Any CPU
		{C3950BD7-0247-4F29-BC17-306BA0540E55}.Debug|x86.Build.0 = Debug|Any CPU
		{C3950BD7-0247-4F29-BC17-306BA0540E55}.Release|Any CPU.ActiveCfg = Release|Any CPU
		{C3950BD7-0247-4F29-BC17-306BA0540E55}.Release|Any CPU.Build.0 = Release|Any CPU
		{C3950BD7-0247-4F29-BC17-306BA0540E55}.Release|x64.ActiveCfg = Release|Any CPU
		{C3950BD7-0247-4F29-BC17-306BA0540E55}.Release|x64.Build.0 = Release|Any CPU
		{C3950BD7-0247-4F29-BC17-306BA0540E55}.Release|x86.ActiveCfg = Release|Any CPU
		{C3950BD7-0247-4F29-BC17-306BA0540E55}.Release|x86.Build.0 = Release|Any CPU
	EndGlobalSection
	GlobalSection(SolutionProperties) = preSolution
		HideSolutionNode = FALSE
	EndGlobalSection
	GlobalSection(ExtensibilityGlobals) = postSolution
		SolutionGuid = {F57BE0B4-E629-4B9D-8883-7EC134EBD751}
	EndGlobalSection
EndGlobal
